
Microsoft Visual Studio Solution File, Format Version 12.00
# Visual Studio Version 16
VisualStudioVersion = 16.0.32126.315
MinimumVisualStudioVersion = 10.0.40219.1
Project("{FAE04EC0-301F-11D3-BF4B-00C04F79EFBC}") = "OilCanningSilverLightToHtml5Js", "OilCanningSilverLightToHtml5Js.csproj", "{DF253AF4-F2C2-4CC8-BB2E-F42523A5A12D}"
EndProject
Global
	GlobalSection(SolutionConfigurationPlatforms) = preSolution
		Debug|Any CPU = Debug|Any CPU
		Release|Any CPU = Release|Any CPU
	EndGlobalSection
	GlobalSection(ProjectConfigurationPlatforms) = postSolution
		{DF253AF4-F2C2-4CC8-BB2E-F42523A5A12D}.Debug|Any CPU.ActiveCfg = Debug|Any CPU
		{DF253AF4-F2C2-4CC8-BB2E-F42523A5A12D}.Debug|Any CPU.Build.0 = Debug|Any CPU
		{DF253AF4-F2C2-4CC8-BB2E-F42523A5A12D}.Release|Any CPU.ActiveCfg = Release|Any CPU
		{DF253AF4-F2C2-4CC8-BB2E-F42523A5A12D}.Release|Any CPU.Build.0 = Release|Any CPU
	EndGlobalSection
	GlobalSection(SolutionProperties) = preSolution
		HideSolutionNode = FALSE
	EndGlobalSection
	GlobalSection(ExtensibilityGlobals) = postSolution
		SolutionGuid = {BCD788BE-8C6A-4521-9B95-157CD91DAE0A}
	EndGlobalSection
EndGlobal
